
Microsoft Visual Studio Solution File, Format Version 12.00
# Visual Studio 14
VisualStudioVersion = 14.0.25123.0
MinimumVisualStudioVersion = 10.0.40219.1
Project("{FAE04EC0-301F-11D3-BF4B-00C04F79EFBC}") = "MVCDesignmonster.WebUI", "MVCDesignmonster.WebUI\MVCDesignmonster.WebUI.csproj", "{C9D8F4D6-261A-4CCC-9F53-2BC7C0CFEEA7}"
EndProject
Project("{FAE04EC0-301F-11D3-BF4B-00C04F79EFBC}") = "MVCDesignmonster", "MVCDesignmonster\MVCDesignmonster.csproj", "{9883238E-6CAD-443B-AEBE-59729DE0A549}"
EndProject
Project("{FAE04EC0-301F-11D3-BF4B-00C04F79EFBC}") = "MVCDesignmonster.Test", "MVCDesignmonster.Test\MVCDesignmonster.Test.csproj", "{24ADCB0C-5382-49BC-86BA-3BA7724B6ACA}"
EndProject
Global
	GlobalSection(SolutionConfigurationPlatforms) = preSolution
		Debug|Any CPU = Debug|Any CPU
		Release|Any CPU = Release|Any CPU
	EndGlobalSection
	GlobalSection(ProjectConfigurationPlatforms) = postSolution
		{C9D8F4D6-261A-4CCC-9F53-2BC7C0CFEEA7}.Debug|Any CPU.ActiveCfg = Debug|Any CPU
		{C9D8F4D6-261A-4CCC-9F53-2BC7C0CFEEA7}.Debug|Any CPU.Build.0 = Debug|Any CPU
		{C9D8F4D6-261A-4CCC-9F53-2BC7C0CFEEA7}.Release|Any CPU.ActiveCfg = Release|Any CPU
		{C9D8F4D6-261A-4CCC-9F53-2BC7C0CFEEA7}.Release|Any CPU.Build.0 = Release|Any CPU
		{9883238E-6CAD-443B-AEBE-59729DE0A549}.Debug|Any CPU.ActiveCfg = Debug|Any CPU
		{9883238E-6CAD-443B-AEBE-59729DE0A549}.Debug|Any CPU.Build.0 = Debug|Any CPU
		{9883238E-6CAD-443B-AEBE-59729DE0A549}.Release|Any CPU.ActiveCfg = Release|Any CPU
		{9883238E-6CAD-443B-AEBE-59729DE0A549}.Release|Any CPU.Build.0 = Release|Any CPU
		{24ADCB0C-5382-49BC-86BA-3BA7724B6ACA}.Debug|Any CPU.ActiveCfg = Debug|Any CPU
		{24ADCB0C-5382-49BC-86BA-3BA7724B6ACA}.Debug|Any CPU.Build.0 = Debug|Any CPU
		{24ADCB0C-5382-49BC-86BA-3BA7724B6ACA}.Release|Any CPU.ActiveCfg = Release|Any CPU
		{24ADCB0C-5382-49BC-86BA-3BA7724B6ACA}.Release|Any CPU.Build.0 = Release|Any CPU
	EndGlobalSection
	GlobalSection(SolutionProperties) = preSolution
		HideSolutionNode = FALSE
	EndGlobalSection
EndGlobal
